
Microsoft Visual Studio Solution File, Format Version 12.00
# Visual Studio Version 17
VisualStudioVersion = 17.0.31903.59
MinimumVisualStudioVersion = 10.0.40219.1
Project("{2150E333-8FDC-42A3-9474-1A3956D46DE8}") = "src", "src", "{827E0CD3-B72D-47B6-A68D-7590B98EB39B}"
EndProject
Project("{FAE04EC0-301F-11D3-BF4B-00C04F79EFBC}") = "RealEstateERP.Core", "src\RealEstateERP.Core\RealEstateERP.Core.csproj", "{DB7D9FB3-46E4-40AE-8CBE-B969125B2212}"
EndProject
Project("{FAE04EC0-301F-11D3-BF4B-00C04F79EFBC}") = "RealEstateERP.Infrastructure", "src\RealEstateERP.Infrastructure\RealEstateERP.Infrastructure.csproj", "{F1EF009D-38F1-4E5E-8426-1AF60F9F374E}"
EndProject
Project("{FAE04EC0-301F-11D3-BF4B-00C04F79EFBC}") = "RealEstateERP.API", "src\RealEstateERP.API\RealEstateERP.API.csproj", "{41079BEC-5E9E-4D9D-9AB1-7EE4297AB04B}"
EndProject
Project("{FAE04EC0-301F-11D3-BF4B-00C04F79EFBC}") = "RealEstateERP.Tests", "tests\RealEstateERP.Tests\RealEstateERP.Tests.csproj", "{71E3234B-F777-49A9-B997-639054B993CE}"
EndProject
Global
	GlobalSection(SolutionConfigurationPlatforms) = preSolution
		Debug|Any CPU = Debug|Any CPU
		Debug|x64 = Debug|x64
		Debug|x86 = Debug|x86
		Release|Any CPU = Release|Any CPU
		Release|x64 = Release|x64
		Release|x86 = Release|x86
	EndGlobalSection
	GlobalSection(ProjectConfigurationPlatforms) = postSolution
		{DB7D9FB3-46E4-40AE-8CBE-B969125B2212}.Debug|Any CPU.ActiveCfg = Debug|Any CPU
		{DB7D9FB3-46E4-40AE-8CBE-B969125B2212}.Debug|Any CPU.Build.0 = Debug|Any CPU
		{DB7D9FB3-46E4-40AE-8CBE-B969125B2212}.Debug|x64.ActiveCfg = Debug|Any CPU
		{DB7D9FB3-46E4-40AE-8CBE-B969125B2212}.Debug|x64.Build.0 = Debug|Any CPU
		{DB7D9FB3-46E4-40AE-8CBE-B969125B2212}.Debug|x86.ActiveCfg = Debug|Any CPU
		{DB7D9FB3-46E4-40AE-8CBE-B969125B2212}.Debug|x86.Build.0 = Debug|Any CPU
		{DB7D9FB3-46E4-40AE-8CBE-B969125B2212}.Release|Any CPU.ActiveCfg = Release|Any CPU
		{DB7D9FB3-46E4-40AE-8CBE-B969125B2212}.Release|Any CPU.Build.0 = Release|Any CPU
		{DB7D9FB3-46E4-40AE-8CBE-B969125B2212}.Release|x64.ActiveCfg = Release|Any CPU
		{DB7D9FB3-46E4-40AE-8CBE-B969125B2212}.Release|x64.Build.0 = Release|Any CPU
		{DB7D9FB3-46E4-40AE-8CBE-B969125B2212}.Release|x86.ActiveCfg = Release|Any CPU
		{DB7D9FB3-46E4-40AE-8CBE-B969125B2212}.Release|x86.Build.0 = Release|Any CPU
		{F1EF009D-38F1-4E5E-8426-1AF60F9F374E}.Debug|Any CPU.ActiveCfg = Debug|Any CPU
		{F1EF009D-38F1-4E5E-8426-1AF60F9F374E}.Debug|Any CPU.Build.0 = Debug|Any CPU
		{F1EF009D-38F1-4E5E-8426-1AF60F9F374E}.Debug|x64.ActiveCfg = Debug|Any CPU
		{F1EF009D-38F1-4E5E-8426-1AF60F9F374E}.Debug|x64.Build.0 = Debug|Any CPU
		{F1EF009D-38F1-4E5E-8426-1AF60F9F374E}.Debug|x86.ActiveCfg = Debug|Any CPU
		{F1EF009D-38F1-4E5E-8426-1AF60F9F374E}.Debug|x86.Build.0 = Debug|Any CPU
		{F1EF009D-38F1-4E5E-8426-1AF60F9F374E}.Release|Any CPU.ActiveCfg = Release|Any CPU
		{F1EF009D-38F1-4E5E-8426-1AF60F9F374E}.Release|Any CPU.Build.0 = Release|Any CPU
		{F1EF009D-38F1-4E5E-8426-1AF60F9F374E}.Release|x64.ActiveCfg = Release|Any CPU
		{F1EF009D-38F1-4E5E-8426-1AF60F9F374E}.Release|x64.Build.0 = Release|Any CPU
		{F1EF009D-38F1-4E5E-8426-1AF60F9F374E}.Release|x86.ActiveCfg = Release|Any CPU
		{F1EF009D-38F1-4E5E-8426-1AF60F9F374E}.Release|x86.Build.0 = Release|Any CPU
		{41079BEC-5E9E-4D9D-9AB1-7EE4297AB04B}.Debug|Any CPU.ActiveCfg = Debug|Any CPU
		{41079BEC-5E9E-4D9D-9AB1-7EE4297AB04B}.Debug|Any CPU.Build.0 = Debug|Any CPU
		{41079BEC-5E9E-4D9D-9AB1-7EE4297AB04B}.Debug|x64.ActiveCfg = Debug|Any CPU
		{41079BEC-5E9E-4D9D-9AB1-7EE4297AB04B}.Debug|x64.Build.0 = Debug|Any CPU
		{41079BEC-5E9E-4D9D-9AB1-7EE4297AB04B}.Debug|x86.ActiveCfg = Debug|Any CPU
		{41079BEC-5E9E-4D9D-9AB1-7EE4297AB04B}.Debug|x86.Build.0 = Debug|Any CPU
		{41079BEC-5E9E-4D9D-9AB1-7EE4297AB04B}.Release|Any CPU.ActiveCfg = Release|Any CPU
		{41079BEC-5E9E-4D9D-9AB1-7EE4297AB04B}.Release|Any CPU.Build.0 = Release|Any CPU
		{41079BEC-5E9E-4D9D-9AB1-7EE4297AB04B}.Release|x64.ActiveCfg = Release|Any CPU
		{41079BEC-5E9E-4D9D-9AB1-7EE4297AB04B}.Release|x64.Build.0 = Release|Any CPU
		{41079BEC-5E9E-4D9D-9AB1-7EE4297AB04B}.Release|x86.ActiveCfg = Release|Any CPU
		{41079BEC-5E9E-4D9D-9AB1-7EE4297AB04B}.Release|x86.Build.0 = Release|Any CPU
		{71E3234B-F777-49A9-B997-639054B993CE}.Debug|Any CPU.ActiveCfg = Debug|Any CPU
		{71E3234B-F777-49A9-B997-639054B993CE}.Debug|Any CPU.Build.0 = Debug|Any CPU
		{71E3234B-F777-49A9-B997-639054B993CE}.Debug|x64.ActiveCfg = Debug|Any CPU
		{71E3234B-F777-49A9-B997-639054B993CE}.Debug|x64.Build.0 = Debug|Any CPU
		{71E3234B-F777-49A9-B997-639054B993CE}.Debug|x86.ActiveCfg = Debug|Any CPU
		{71E3234B-F777-49A9-B997-639054B993CE}.Debug|x86.Build.0 = Debug|Any CPU
		{71E3234B-F777-49A9-B997-639054B993CE}.Release|Any CPU.ActiveCfg = Release|Any CPU
		{71E3234B-F777-49A9-B997-639054B993CE}.Release|Any CPU.Build.0 = Release|Any CPU
		{71E3234B-F777-49A9-B997-639054B993CE}.Release|x64.ActiveCfg = Release|Any CPU
		{71E3234B-F777-49A9-B997-639054B993CE}.Release|x64.Build.0 = Release|Any CPU
		{71E3234B-F777-49A9-B997-639054B993CE}.Release|x86.ActiveCfg = Release|Any CPU
		{71E3234B-F777-49A9-B997-639054B993CE}.Release|x86.Build.0 = Release|Any CPU
	EndGlobalSection
	GlobalSection(SolutionProperties) = preSolution
		HideSolutionNode = FALSE
	EndGlobalSection
	GlobalSection(NestedProjects) = preSolution
		{DB7D9FB3-46E4-40AE-8CBE-B969125B2212} = {827E0CD3-B72D-47B6-A68D-7590B98EB39B}
		{F1EF009D-38F1-4E5E-8426-1AF60F9F374E} = {827E0CD3-B72D-47B6-A68D-7590B98EB39B}
		{41079BEC-5E9E-4D9D-9AB1-7EE4297AB04B} = {827E0CD3-B72D-47B6-A68D-7590B98EB39B}
		{71E3234B-F777-49A9-B997-639054B993CE} = {827E0CD3-B72D-47B6-A68D-7590B98EB39B}
	EndGlobalSection
EndGlobal
